
Microsoft Visual Studio Solution File, Format Version 12.00
# Visual Studio 15
VisualStudioVersion = 15.0.28307.1022
MinimumVisualStudioVersion = 10.0.40219.1
Project("{FAE04EC0-301F-11D3-BF4B-00C04F79EFBC}") = "EMS201724112137", "MYEMS\EMS201724112137.csproj", "{B1CD588B-C2B9-4EB3-AFF0-808C5874F594}"
EndProject
Global
	GlobalSection(SolutionConfigurationPlatforms) = preSolution
		Debug|Any CPU = Debug|Any CPU
		Release|Any CPU = Release|Any CPU
	EndGlobalSection
	GlobalSection(ProjectConfigurationPlatforms) = postSolution
		{B1CD588B-C2B9-4EB3-AFF0-808C5874F594}.Debug|Any CPU.ActiveCfg = Debug|Any CPU
		{B1CD588B-C2B9-4EB3-AFF0-808C5874F594}.Debug|Any CPU.Build.0 = Debug|Any CPU
		{B1CD588B-C2B9-4EB3-AFF0-808C5874F594}.Release|Any CPU.ActiveCfg = Release|Any CPU
		{B1CD588B-C2B9-4EB3-AFF0-808C5874F594}.Release|Any CPU.Build.0 = Release|Any CPU
	EndGlobalSection
	GlobalSection(SolutionProperties) = preSolution
		HideSolutionNode = FALSE
	EndGlobalSection
	GlobalSection(ExtensibilityGlobals) = postSolution
		SolutionGuid = {6E57A1E9-E970-43CA-AA9B-5E327F3746C3}
	EndGlobalSection
EndGlobal
